
Microsoft Visual Studio Solution File, Format Version 12.00
# Visual Studio 14
VisualStudioVersion = 14.0.23107.0
MinimumVisualStudioVersion = 10.0.40219.1
Project("{FAE04EC0-301F-11D3-BF4B-00C04F79EFBC}") = "Problem 1. Sweet Dessert", "Problem 1. Sweet Dessert\Problem 1. Sweet Dessert.csproj", "{E1B68B70-5432-46AA-BC7D-9D21F4082D5B}"
EndProject
Project("{FAE04EC0-301F-11D3-BF4B-00C04F79EFBC}") = "Problem 2. Game of Names", "Problem 2. Game of Names\Problem 2. Game of Names.csproj", "{E0EA7484-5B38-49DA-8CF2-486E5C34D792}"
EndProject
Project("{FAE04EC0-301F-11D3-BF4B-00C04F79EFBC}") = "Problem 3. Strawberry", "Problem 3. Strawberry\Problem 3. Strawberry.csproj", "{46B0F44F-F3AF-47AA-A391-19B09A7B00A0}"
EndProject
Global
	GlobalSection(SolutionConfigurationPlatforms) = preSolution
		Debug|Any CPU = Debug|Any CPU
		Release|Any CPU = Release|Any CPU
	EndGlobalSection
	GlobalSection(ProjectConfigurationPlatforms) = postSolution
		{E1B68B70-5432-46AA-BC7D-9D21F4082D5B}.Debug|Any CPU.ActiveCfg = Debug|Any CPU
		{E1B68B70-5432-46AA-BC7D-9D21F4082D5B}.Debug|Any CPU.Build.0 = Debug|Any CPU
		{E1B68B70-5432-46AA-BC7D-9D21F4082D5B}.Release|Any CPU.ActiveCfg = Release|Any CPU
		{E1B68B70-5432-46AA-BC7D-9D21F4082D5B}.Release|Any CPU.Build.0 = Release|Any CPU
		{E0EA7484-5B38-49DA-8CF2-486E5C34D792}.Debug|Any CPU.ActiveCfg = Debug|Any CPU
		{E0EA7484-5B38-49DA-8CF2-486E5C34D792}.Debug|Any CPU.Build.0 = Debug|Any CPU
		{E0EA7484-5B38-49DA-8CF2-486E5C34D792}.Release|Any CPU.ActiveCfg = Release|Any CPU
		{E0EA7484-5B38-49DA-8CF2-486E5C34D792}.Release|Any CPU.Build.0 = Release|Any CPU
		{46B0F44F-F3AF-47AA-A391-19B09A7B00A0}.Debug|Any CPU.ActiveCfg = Debug|Any CPU
		{46B0F44F-F3AF-47AA-A391-19B09A7B00A0}.Debug|Any CPU.Build.0 = Debug|Any CPU
		{46B0F44F-F3AF-47AA-A391-19B09A7B00A0}.Release|Any CPU.ActiveCfg = Release|Any CPU
		{46B0F44F-F3AF-47AA-A391-19B09A7B00A0}.Release|Any CPU.Build.0 = Release|Any CPU
	EndGlobalSection
	GlobalSection(SolutionProperties) = preSolution
		HideSolutionNode = FALSE
	EndGlobalSection
EndGlobal
