
Microsoft Visual Studio Solution File, Format Version 12.00
# Visual Studio 2013
VisualStudioVersion = 12.0.31101.0
MinimumVisualStudioVersion = 10.0.40219.1
Project("{FAE04EC0-301F-11D3-BF4B-00C04F79EFBC}") = "Person", "Person\Person.csproj", "{DFF4A86F-7A71-45E6-AEAA-DE0B9CCE5E54}"
EndProject
Project("{FAE04EC0-301F-11D3-BF4B-00C04F79EFBC}") = "LaptopShop", "LaptopShop\LaptopShop.csproj", "{EE771CA8-78F4-444F-A880-DDD3E37C5E8A}"
EndProject
Project("{FAE04EC0-301F-11D3-BF4B-00C04F79EFBC}") = "PCCatalog", "PCCatalog\PCCatalog.csproj", "{CC76CBF3-E8D4-4D80-99A9-11A23F90ED14}"
EndProject
Global
	GlobalSection(SolutionConfigurationPlatforms) = preSolution
		Debug|Any CPU = Debug|Any CPU
		Release|Any CPU = Release|Any CPU
	EndGlobalSection
	GlobalSection(ProjectConfigurationPlatforms) = postSolution
		{DFF4A86F-7A71-45E6-AEAA-DE0B9CCE5E54}.Debug|Any CPU.ActiveCfg = Debug|Any CPU
		{DFF4A86F-7A71-45E6-AEAA-DE0B9CCE5E54}.Debug|Any CPU.Build.0 = Debug|Any CPU
		{DFF4A86F-7A71-45E6-AEAA-DE0B9CCE5E54}.Release|Any CPU.ActiveCfg = Release|Any CPU
		{DFF4A86F-7A71-45E6-AEAA-DE0B9CCE5E54}.Release|Any CPU.Build.0 = Release|Any CPU
		{EE771CA8-78F4-444F-A880-DDD3E37C5E8A}.Debug|Any CPU.ActiveCfg = Debug|Any CPU
		{EE771CA8-78F4-444F-A880-DDD3E37C5E8A}.Debug|Any CPU.Build.0 = Debug|Any CPU
		{EE771CA8-78F4-444F-A880-DDD3E37C5E8A}.Release|Any CPU.ActiveCfg = Release|Any CPU
		{EE771CA8-78F4-444F-A880-DDD3E37C5E8A}.Release|Any CPU.Build.0 = Release|Any CPU
		{CC76CBF3-E8D4-4D80-99A9-11A23F90ED14}.Debug|Any CPU.ActiveCfg = Debug|Any CPU
		{CC76CBF3-E8D4-4D80-99A9-11A23F90ED14}.Debug|Any CPU.Build.0 = Debug|Any CPU
		{CC76CBF3-E8D4-4D80-99A9-11A23F90ED14}.Release|Any CPU.ActiveCfg = Release|Any CPU
		{CC76CBF3-E8D4-4D80-99A9-11A23F90ED14}.Release|Any CPU.Build.0 = Release|Any CPU
	EndGlobalSection
	GlobalSection(SolutionProperties) = preSolution
		HideSolutionNode = FALSE
	EndGlobalSection
EndGlobal
