
Microsoft Visual Studio Solution File, Format Version 12.00
# Visual Studio 14
VisualStudioVersion = 14.0.23107.0
MinimumVisualStudioVersion = 10.0.40219.1
Project("{FAE04EC0-301F-11D3-BF4B-00C04F79EFBC}") = "01. Censor Your Email Address", "01. Censor Your Email Address\01. Censor Your Email Address.csproj", "{F2DF6A70-B113-40F8-8ACF-7086974E9BE5}"
EndProject
Project("{FAE04EC0-301F-11D3-BF4B-00C04F79EFBC}") = "02. Reverse String", "02. Reverse String\02. Reverse String.csproj", "{FB718FF8-2EBE-49FD-87D4-CD0ACBE1CFA4}"
EndProject
Project("{FAE04EC0-301F-11D3-BF4B-00C04F79EFBC}") = "03. String Length", "03. String Length\03. String Length.csproj", "{52CEDA79-91CA-47C6-A386-5DC79282E236}"
EndProject
Project("{FAE04EC0-301F-11D3-BF4B-00C04F79EFBC}") = "04. Extract Sentences", "04. Extract Sentences\04. Extract Sentences.csproj", "{4EBFA813-CE00-4AC1-979B-6094E4721097}"
EndProject
Project("{FAE04EC0-301F-11D3-BF4B-00C04F79EFBC}") = "05. URL Parser", "05. URL Parser\05. URL Parser.csproj", "{ABA41191-9EC4-424A-8814-D0A3B2502286}"
EndProject
Project("{FAE04EC0-301F-11D3-BF4B-00C04F79EFBC}") = "06. Reverse Words In Sentence", "06. Reverse Words In Sentence\06. Reverse Words In Sentence.csproj", "{AE90DF79-1D8B-491B-B9F8-33DD07E33D19}"
EndProject
Project("{FAE04EC0-301F-11D3-BF4B-00C04F79EFBC}") = "07. To Uppercase", "07. To Uppercase\07. To Uppercase.csproj", "{324DE3AF-E7D9-4545-8788-B8863F33696A}"
EndProject
Project("{FAE04EC0-301F-11D3-BF4B-00C04F79EFBC}") = "08. Palindromes", "08. Palindromes\08. Palindromes.csproj", "{55B3F9B2-3A9D-481A-82E1-D92737E0FE1A}"
EndProject
Project("{FAE04EC0-301F-11D3-BF4B-00C04F79EFBC}") = "09. Capitalization", "09. Capitalization\09. Capitalization.csproj", "{22517707-6040-475D-81A7-575F423EE887}"
EndProject
Project("{FAE04EC0-301F-11D3-BF4B-00C04F79EFBC}") = "10. Palindrome Index", "10. Palindrome Index\10. Palindrome Index.csproj", "{F0CEBAD6-0A6F-4E53-8DA6-DFD9FC3D9334}"
EndProject
Project("{FAE04EC0-301F-11D3-BF4B-00C04F79EFBC}") = "11. Common Strings", "11. Common Strings\11. Common Strings.csproj", "{C35F25BD-914E-4220-A9E4-B98A25A95824}"
EndProject
Global
	GlobalSection(SolutionConfigurationPlatforms) = preSolution
		Debug|Any CPU = Debug|Any CPU
		Release|Any CPU = Release|Any CPU
	EndGlobalSection
	GlobalSection(ProjectConfigurationPlatforms) = postSolution
		{F2DF6A70-B113-40F8-8ACF-7086974E9BE5}.Debug|Any CPU.ActiveCfg = Debug|Any CPU
		{F2DF6A70-B113-40F8-8ACF-7086974E9BE5}.Debug|Any CPU.Build.0 = Debug|Any CPU
		{F2DF6A70-B113-40F8-8ACF-7086974E9BE5}.Release|Any CPU.ActiveCfg = Release|Any CPU
		{F2DF6A70-B113-40F8-8ACF-7086974E9BE5}.Release|Any CPU.Build.0 = Release|Any CPU
		{FB718FF8-2EBE-49FD-87D4-CD0ACBE1CFA4}.Debug|Any CPU.ActiveCfg = Debug|Any CPU
		{FB718FF8-2EBE-49FD-87D4-CD0ACBE1CFA4}.Debug|Any CPU.Build.0 = Debug|Any CPU
		{FB718FF8-2EBE-49FD-87D4-CD0ACBE1CFA4}.Release|Any CPU.ActiveCfg = Release|Any CPU
		{FB718FF8-2EBE-49FD-87D4-CD0ACBE1CFA4}.Release|Any CPU.Build.0 = Release|Any CPU
		{52CEDA79-91CA-47C6-A386-5DC79282E236}.Debug|Any CPU.ActiveCfg = Debug|Any CPU
		{52CEDA79-91CA-47C6-A386-5DC79282E236}.Debug|Any CPU.Build.0 = Debug|Any CPU
		{52CEDA79-91CA-47C6-A386-5DC79282E236}.Release|Any CPU.ActiveCfg = Release|Any CPU
		{52CEDA79-91CA-47C6-A386-5DC79282E236}.Release|Any CPU.Build.0 = Release|Any CPU
		{4EBFA813-CE00-4AC1-979B-6094E4721097}.Debug|Any CPU.ActiveCfg = Debug|Any CPU
		{4EBFA813-CE00-4AC1-979B-6094E4721097}.Debug|Any CPU.Build.0 = Debug|Any CPU
		{4EBFA813-CE00-4AC1-979B-6094E4721097}.Release|Any CPU.ActiveCfg = Release|Any CPU
		{4EBFA813-CE00-4AC1-979B-6094E4721097}.Release|Any CPU.Build.0 = Release|Any CPU
		{ABA41191-9EC4-424A-8814-D0A3B2502286}.Debug|Any CPU.ActiveCfg = Debug|Any CPU
		{ABA41191-9EC4-424A-8814-D0A3B2502286}.Debug|Any CPU.Build.0 = Debug|Any CPU
		{ABA41191-9EC4-424A-8814-D0A3B2502286}.Release|Any CPU.ActiveCfg = Release|Any CPU
		{ABA41191-9EC4-424A-8814-D0A3B2502286}.Release|Any CPU.Build.0 = Release|Any CPU
		{AE90DF79-1D8B-491B-B9F8-33DD07E33D19}.Debug|Any CPU.ActiveCfg = Debug|Any CPU
		{AE90DF79-1D8B-491B-B9F8-33DD07E33D19}.Debug|Any CPU.Build.0 = Debug|Any CPU
		{AE90DF79-1D8B-491B-B9F8-33DD07E33D19}.Release|Any CPU.ActiveCfg = Release|Any CPU
		{AE90DF79-1D8B-491B-B9F8-33DD07E33D19}.Release|Any CPU.Build.0 = Release|Any CPU
		{324DE3AF-E7D9-4545-8788-B8863F33696A}.Debug|Any CPU.ActiveCfg = Debug|Any CPU
		{324DE3AF-E7D9-4545-8788-B8863F33696A}.Debug|Any CPU.Build.0 = Debug|Any CPU
		{324DE3AF-E7D9-4545-8788-B8863F33696A}.Release|Any CPU.ActiveCfg = Release|Any CPU
		{324DE3AF-E7D9-4545-8788-B8863F33696A}.Release|Any CPU.Build.0 = Release|Any CPU
		{55B3F9B2-3A9D-481A-82E1-D92737E0FE1A}.Debug|Any CPU.ActiveCfg = Debug|Any CPU
		{55B3F9B2-3A9D-481A-82E1-D92737E0FE1A}.Debug|Any CPU.Build.0 = Debug|Any CPU
		{55B3F9B2-3A9D-481A-82E1-D92737E0FE1A}.Release|Any CPU.ActiveCfg = Release|Any CPU
		{55B3F9B2-3A9D-481A-82E1-D92737E0FE1A}.Release|Any CPU.Build.0 = Release|Any CPU
		{22517707-6040-475D-81A7-575F423EE887}.Debug|Any CPU.ActiveCfg = Debug|Any CPU
		{22517707-6040-475D-81A7-575F423EE887}.Debug|Any CPU.Build.0 = Debug|Any CPU
		{22517707-6040-475D-81A7-575F423EE887}.Release|Any CPU.ActiveCfg = Release|Any CPU
		{22517707-6040-475D-81A7-575F423EE887}.Release|Any CPU.Build.0 = Release|Any CPU
		{F0CEBAD6-0A6F-4E53-8DA6-DFD9FC3D9334}.Debug|Any CPU.ActiveCfg = Debug|Any CPU
		{F0CEBAD6-0A6F-4E53-8DA6-DFD9FC3D9334}.Debug|Any CPU.Build.0 = Debug|Any CPU
		{F0CEBAD6-0A6F-4E53-8DA6-DFD9FC3D9334}.Release|Any CPU.ActiveCfg = Release|Any CPU
		{F0CEBAD6-0A6F-4E53-8DA6-DFD9FC3D9334}.Release|Any CPU.Build.0 = Release|Any CPU
		{C35F25BD-914E-4220-A9E4-B98A25A95824}.Debug|Any CPU.ActiveCfg = Debug|Any CPU
		{C35F25BD-914E-4220-A9E4-B98A25A95824}.Debug|Any CPU.Build.0 = Debug|Any CPU
		{C35F25BD-914E-4220-A9E4-B98A25A95824}.Release|Any CPU.ActiveCfg = Release|Any CPU
		{C35F25BD-914E-4220-A9E4-B98A25A95824}.Release|Any CPU.Build.0 = Release|Any CPU
	EndGlobalSection
	GlobalSection(SolutionProperties) = preSolution
		HideSolutionNode = FALSE
	EndGlobalSection
EndGlobal
