
Microsoft Visual Studio Solution File, Format Version 12.00
# Visual Studio 2013
VisualStudioVersion = 12.0.31101.0
MinimumVisualStudioVersion = 10.0.40219.1
Project("{FAE04EC0-301F-11D3-BF4B-00C04F79EFBC}") = "Square Root", "Square Root\Square Root.csproj", "{A2419DC4-ACCC-46ED-9168-A548AD486829}"
EndProject
Project("{FAE04EC0-301F-11D3-BF4B-00C04F79EFBC}") = "Enter Numbers", "Enter Numbers\Enter Numbers.csproj", "{00AE83A2-B90F-42AC-BAF1-35B5552503C9}"
EndProject
Global
	GlobalSection(SolutionConfigurationPlatforms) = preSolution
		Debug|Any CPU = Debug|Any CPU
		Release|Any CPU = Release|Any CPU
	EndGlobalSection
	GlobalSection(ProjectConfigurationPlatforms) = postSolution
		{A2419DC4-ACCC-46ED-9168-A548AD486829}.Debug|Any CPU.ActiveCfg = Debug|Any CPU
		{A2419DC4-ACCC-46ED-9168-A548AD486829}.Debug|Any CPU.Build.0 = Debug|Any CPU
		{A2419DC4-ACCC-46ED-9168-A548AD486829}.Release|Any CPU.ActiveCfg = Release|Any CPU
		{A2419DC4-ACCC-46ED-9168-A548AD486829}.Release|Any CPU.Build.0 = Release|Any CPU
		{00AE83A2-B90F-42AC-BAF1-35B5552503C9}.Debug|Any CPU.ActiveCfg = Debug|Any CPU
		{00AE83A2-B90F-42AC-BAF1-35B5552503C9}.Debug|Any CPU.Build.0 = Debug|Any CPU
		{00AE83A2-B90F-42AC-BAF1-35B5552503C9}.Release|Any CPU.ActiveCfg = Release|Any CPU
		{00AE83A2-B90F-42AC-BAF1-35B5552503C9}.Release|Any CPU.Build.0 = Release|Any CPU
	EndGlobalSection
	GlobalSection(SolutionProperties) = preSolution
		HideSolutionNode = FALSE
	EndGlobalSection
EndGlobal
