
Microsoft Visual Studio Solution File, Format Version 12.00
# Visual Studio 14
VisualStudioVersion = 14.0.23107.0
MinimumVisualStudioVersion = 10.0.40219.1
Project("{FAE04EC0-301F-11D3-BF4B-00C04F79EFBC}") = "01. SoftUni Airline", "01. SoftUni Airline\01. SoftUni Airline.csproj", "{D991FB96-7CE9-49E3-8655-8886803F87A3}"
EndProject
Project("{FAE04EC0-301F-11D3-BF4B-00C04F79EFBC}") = "02. SoftUni Water Supplies", "02. SoftUni Water Supplies\02. SoftUni Water Supplies.csproj", "{86EEF9EB-37EF-4EC6-A08B-B3D7237BDBAC}"
EndProject
Project("{FAE04EC0-301F-11D3-BF4B-00C04F79EFBC}") = "03. Matrix Operator", "03. Matrix Operator\03. Matrix Operator.csproj", "{9B129889-D977-4C67-A803-B5A889FFE8EB}"
EndProject
Global
	GlobalSection(SolutionConfigurationPlatforms) = preSolution
		Debug|Any CPU = Debug|Any CPU
		Release|Any CPU = Release|Any CPU
	EndGlobalSection
	GlobalSection(ProjectConfigurationPlatforms) = postSolution
		{D991FB96-7CE9-49E3-8655-8886803F87A3}.Debug|Any CPU.ActiveCfg = Debug|Any CPU
		{D991FB96-7CE9-49E3-8655-8886803F87A3}.Debug|Any CPU.Build.0 = Debug|Any CPU
		{D991FB96-7CE9-49E3-8655-8886803F87A3}.Release|Any CPU.ActiveCfg = Release|Any CPU
		{D991FB96-7CE9-49E3-8655-8886803F87A3}.Release|Any CPU.Build.0 = Release|Any CPU
		{86EEF9EB-37EF-4EC6-A08B-B3D7237BDBAC}.Debug|Any CPU.ActiveCfg = Debug|Any CPU
		{86EEF9EB-37EF-4EC6-A08B-B3D7237BDBAC}.Debug|Any CPU.Build.0 = Debug|Any CPU
		{86EEF9EB-37EF-4EC6-A08B-B3D7237BDBAC}.Release|Any CPU.ActiveCfg = Release|Any CPU
		{86EEF9EB-37EF-4EC6-A08B-B3D7237BDBAC}.Release|Any CPU.Build.0 = Release|Any CPU
		{9B129889-D977-4C67-A803-B5A889FFE8EB}.Debug|Any CPU.ActiveCfg = Debug|Any CPU
		{9B129889-D977-4C67-A803-B5A889FFE8EB}.Debug|Any CPU.Build.0 = Debug|Any CPU
		{9B129889-D977-4C67-A803-B5A889FFE8EB}.Release|Any CPU.ActiveCfg = Release|Any CPU
		{9B129889-D977-4C67-A803-B5A889FFE8EB}.Release|Any CPU.Build.0 = Release|Any CPU
	EndGlobalSection
	GlobalSection(SolutionProperties) = preSolution
		HideSolutionNode = FALSE
	EndGlobalSection
EndGlobal
