
Microsoft Visual Studio Solution File, Format Version 12.00
# Visual Studio 14
VisualStudioVersion = 14.0.23107.0
MinimumVisualStudioVersion = 10.0.40219.1
Project("{FAE04EC0-301F-11D3-BF4B-00C04F79EFBC}") = "01. Remove Negatives and Reverse", "01. Remove Negatives and Reverse\01. Remove Negatives and Reverse.csproj", "{D26855EB-C491-4532-A133-125D243DAA1A}"
EndProject
Project("{FAE04EC0-301F-11D3-BF4B-00C04F79EFBC}") = "02. Append Lists", "02. Append Lists\02. Append Lists.csproj", "{1C7EDB75-4EA2-490F-94D9-DA81DEBE1924}"
EndProject
Project("{FAE04EC0-301F-11D3-BF4B-00C04F79EFBC}") = "03. Sum Adjacent Equal Numbers", "03. Sum Adjacent Equal Numbers\03. Sum Adjacent Equal Numbers.csproj", "{797D3A67-EB5E-4117-9AC8-584C0806482F}"
EndProject
Project("{FAE04EC0-301F-11D3-BF4B-00C04F79EFBC}") = "04. Split by Word Casing", "04. Split by Word Casing\04. Split by Word Casing.csproj", "{64565464-285F-4428-B0DC-734B743094FC}"
EndProject
Project("{FAE04EC0-301F-11D3-BF4B-00C04F79EFBC}") = "05. Sort Numbers", "05. Sort Numbers\05. Sort Numbers.csproj", "{B337D1BB-3BEF-4FEA-A67C-A735A1B84365}"
EndProject
Project("{FAE04EC0-301F-11D3-BF4B-00C04F79EFBC}") = "06. Count Numbers", "06. Count Numbers\06. Count Numbers.csproj", "{86532882-1DBA-4ECB-8604-3E4168E074A7}"
EndProject
Project("{FAE04EC0-301F-11D3-BF4B-00C04F79EFBC}") = "08. Matrix of Letters", "08. Matrix of Letters\08. Matrix of Letters.csproj", "{96E27A5E-087C-4EDC-A50F-E8B154D798CF}"
EndProject
Project("{FAE04EC0-301F-11D3-BF4B-00C04F79EFBC}") = "07. Square Numbers", "07. Square Numbers\07. Square Numbers.csproj", "{2EDE9320-F4C4-47FD-A473-E8ED42AFD93F}"
EndProject
Project("{FAE04EC0-301F-11D3-BF4B-00C04F79EFBC}") = "09. Rotate a Matrix", "09. Rotate a Matrix\09. Rotate a Matrix.csproj", "{5F4702ED-90EA-43CD-84A8-A18043EEEF4B}"
EndProject
Global
	GlobalSection(SolutionConfigurationPlatforms) = preSolution
		Debug|Any CPU = Debug|Any CPU
		Release|Any CPU = Release|Any CPU
	EndGlobalSection
	GlobalSection(ProjectConfigurationPlatforms) = postSolution
		{D26855EB-C491-4532-A133-125D243DAA1A}.Debug|Any CPU.ActiveCfg = Debug|Any CPU
		{D26855EB-C491-4532-A133-125D243DAA1A}.Debug|Any CPU.Build.0 = Debug|Any CPU
		{D26855EB-C491-4532-A133-125D243DAA1A}.Release|Any CPU.ActiveCfg = Release|Any CPU
		{D26855EB-C491-4532-A133-125D243DAA1A}.Release|Any CPU.Build.0 = Release|Any CPU
		{1C7EDB75-4EA2-490F-94D9-DA81DEBE1924}.Debug|Any CPU.ActiveCfg = Debug|Any CPU
		{1C7EDB75-4EA2-490F-94D9-DA81DEBE1924}.Debug|Any CPU.Build.0 = Debug|Any CPU
		{1C7EDB75-4EA2-490F-94D9-DA81DEBE1924}.Release|Any CPU.ActiveCfg = Release|Any CPU
		{1C7EDB75-4EA2-490F-94D9-DA81DEBE1924}.Release|Any CPU.Build.0 = Release|Any CPU
		{797D3A67-EB5E-4117-9AC8-584C0806482F}.Debug|Any CPU.ActiveCfg = Debug|Any CPU
		{797D3A67-EB5E-4117-9AC8-584C0806482F}.Debug|Any CPU.Build.0 = Debug|Any CPU
		{797D3A67-EB5E-4117-9AC8-584C0806482F}.Release|Any CPU.ActiveCfg = Release|Any CPU
		{797D3A67-EB5E-4117-9AC8-584C0806482F}.Release|Any CPU.Build.0 = Release|Any CPU
		{64565464-285F-4428-B0DC-734B743094FC}.Debug|Any CPU.ActiveCfg = Debug|Any CPU
		{64565464-285F-4428-B0DC-734B743094FC}.Debug|Any CPU.Build.0 = Debug|Any CPU
		{64565464-285F-4428-B0DC-734B743094FC}.Release|Any CPU.ActiveCfg = Release|Any CPU
		{64565464-285F-4428-B0DC-734B743094FC}.Release|Any CPU.Build.0 = Release|Any CPU
		{B337D1BB-3BEF-4FEA-A67C-A735A1B84365}.Debug|Any CPU.ActiveCfg = Debug|Any CPU
		{B337D1BB-3BEF-4FEA-A67C-A735A1B84365}.Debug|Any CPU.Build.0 = Debug|Any CPU
		{B337D1BB-3BEF-4FEA-A67C-A735A1B84365}.Release|Any CPU.ActiveCfg = Release|Any CPU
		{B337D1BB-3BEF-4FEA-A67C-A735A1B84365}.Release|Any CPU.Build.0 = Release|Any CPU
		{86532882-1DBA-4ECB-8604-3E4168E074A7}.Debug|Any CPU.ActiveCfg = Debug|Any CPU
		{86532882-1DBA-4ECB-8604-3E4168E074A7}.Debug|Any CPU.Build.0 = Debug|Any CPU
		{86532882-1DBA-4ECB-8604-3E4168E074A7}.Release|Any CPU.ActiveCfg = Release|Any CPU
		{86532882-1DBA-4ECB-8604-3E4168E074A7}.Release|Any CPU.Build.0 = Release|Any CPU
		{96E27A5E-087C-4EDC-A50F-E8B154D798CF}.Debug|Any CPU.ActiveCfg = Debug|Any CPU
		{96E27A5E-087C-4EDC-A50F-E8B154D798CF}.Debug|Any CPU.Build.0 = Debug|Any CPU
		{96E27A5E-087C-4EDC-A50F-E8B154D798CF}.Release|Any CPU.ActiveCfg = Release|Any CPU
		{96E27A5E-087C-4EDC-A50F-E8B154D798CF}.Release|Any CPU.Build.0 = Release|Any CPU
		{2EDE9320-F4C4-47FD-A473-E8ED42AFD93F}.Debug|Any CPU.ActiveCfg = Debug|Any CPU
		{2EDE9320-F4C4-47FD-A473-E8ED42AFD93F}.Debug|Any CPU.Build.0 = Debug|Any CPU
		{2EDE9320-F4C4-47FD-A473-E8ED42AFD93F}.Release|Any CPU.ActiveCfg = Release|Any CPU
		{2EDE9320-F4C4-47FD-A473-E8ED42AFD93F}.Release|Any CPU.Build.0 = Release|Any CPU
		{5F4702ED-90EA-43CD-84A8-A18043EEEF4B}.Debug|Any CPU.ActiveCfg = Debug|Any CPU
		{5F4702ED-90EA-43CD-84A8-A18043EEEF4B}.Debug|Any CPU.Build.0 = Debug|Any CPU
		{5F4702ED-90EA-43CD-84A8-A18043EEEF4B}.Release|Any CPU.ActiveCfg = Release|Any CPU
		{5F4702ED-90EA-43CD-84A8-A18043EEEF4B}.Release|Any CPU.Build.0 = Release|Any CPU
	EndGlobalSection
	GlobalSection(SolutionProperties) = preSolution
		HideSolutionNode = FALSE
	EndGlobalSection
EndGlobal
